
Microsoft Visual Studio Solution File, Format Version 10.00
# Visual Studio 2008
Project("{2150E333-8FDC-42A3-9474-1A3956D46DE8}") = "PS3Lobby", "PS3Lobby", "{3A97505E-F8AF-4663-BC29-20B8A4D09A29}"
EndProject
Project("{2150E333-8FDC-42A3-9474-1A3956D46DE8}") = "Dice", "Dice", "{8ADAB8F4-A145-4357-A22B-1FEAFCD9FBA7}"
	ProjectSection(SolutionItems) = preProject
		Samples\PS3\Dice\readme.txt = Samples\PS3\Dice\readme.txt
	EndProjectSection
EndProject
Project("{8BC9CEB8-8B4A-11D0-8D11-00A0C91BC942}") = "np_sample_common", "Samples\Lobby2Client_PS3\common\np_sample_common.vcproj", "{CB6BBAEE-1E37-4B36-BB4F-D261ED116720}"
EndProject
Project("{8BC9CEB8-8B4A-11D0-8D11-00A0C91BC942}") = "np_matching2_lobby", "Samples\Lobby2Client_PS3\np_matching2\np_matching2_lobby\np_matching2_lobby.vcproj", "{74D1771F-F73F-4582-AE16-4558C54FE312}"
	ProjectSection(ProjectDependencies) = postProject
		{C3DCACAE-0FAA-4314-B2DD-3D3FA72FCE0F} = {C3DCACAE-0FAA-4314-B2DD-3D3FA72FCE0F}
		{CB6BBAEE-1E37-4B36-BB4F-D261ED116720} = {CB6BBAEE-1E37-4B36-BB4F-D261ED116720}
	EndProjectSection
EndProject
Project("{8BC9CEB8-8B4A-11D0-8D11-00A0C91BC942}") = "gcmutil", "Samples\Lobby2Client_PS3\gcmutil\gcmutil.vcproj", "{C3DCACAE-0FAA-4314-B2DD-3D3FA72FCE0F}"
EndProject
Project("{8BC9CEB8-8B4A-11D0-8D11-00A0C91BC942}") = "gcmutil", "Samples\PS3\Dice\gcmutil\gcmutil.vcproj", "{FCC3A434-9E5D-4F9E-BA04-6BB629B47039}"
EndProject
Project("{8BC9CEB8-8B4A-11D0-8D11-00A0C91BC942}") = "dice", "Samples\PS3\Dice\dice\dice.vcproj", "{7ED3E19E-1EEF-42D9-9FFB-3AC50D62312C}"
	ProjectSection(ProjectDependencies) = postProject
		{FCC3A434-9E5D-4F9E-BA04-6BB629B47039} = {FCC3A434-9E5D-4F9E-BA04-6BB629B47039}
	EndProjectSection
EndProject
Global
	GlobalSection(SolutionConfigurationPlatforms) = preSolution
		Debug|Win32 = Debug|Win32
		PS3 Debug|Win32 = PS3 Debug|Win32
		PS3 Release|Win32 = PS3 Release|Win32
		PS3 SNC Debug|Win32 = PS3 SNC Debug|Win32
		PS3 SNC Release|Win32 = PS3 SNC Release|Win32
		Release|Win32 = Release|Win32
	EndGlobalSection
	GlobalSection(ProjectConfigurationPlatforms) = postSolution
		{CB6BBAEE-1E37-4B36-BB4F-D261ED116720}.Debug|Win32.ActiveCfg = PS3 SNC Debug|Win32
		{CB6BBAEE-1E37-4B36-BB4F-D261ED116720}.Debug|Win32.Build.0 = PS3 SNC Debug|Win32
		{CB6BBAEE-1E37-4B36-BB4F-D261ED116720}.PS3 Debug|Win32.ActiveCfg = PS3 Debug|Win32
		{CB6BBAEE-1E37-4B36-BB4F-D261ED116720}.PS3 Debug|Win32.Build.0 = PS3 Debug|Win32
		{CB6BBAEE-1E37-4B36-BB4F-D261ED116720}.PS3 Release|Win32.ActiveCfg = PS3 Release|Win32
		{CB6BBAEE-1E37-4B36-BB4F-D261ED116720}.PS3 Release|Win32.Build.0 = PS3 Release|Win32
		{CB6BBAEE-1E37-4B36-BB4F-D261ED116720}.PS3 SNC Debug|Win32.ActiveCfg = PS3 SNC Debug|Win32
		{CB6BBAEE-1E37-4B36-BB4F-D261ED116720}.PS3 SNC Debug|Win32.Build.0 = PS3 SNC Debug|Win32
		{CB6BBAEE-1E37-4B36-BB4F-D261ED116720}.PS3 SNC Release|Win32.ActiveCfg = PS3 SNC Release|Win32
		{CB6BBAEE-1E37-4B36-BB4F-D261ED116720}.PS3 SNC Release|Win32.Build.0 = PS3 SNC Release|Win32
		{CB6BBAEE-1E37-4B36-BB4F-D261ED116720}.Release|Win32.ActiveCfg = PS3 SNC Release|Win32
		{CB6BBAEE-1E37-4B36-BB4F-D261ED116720}.Release|Win32.Build.0 = PS3 SNC Release|Win32
		{74D1771F-F73F-4582-AE16-4558C54FE312}.Debug|Win32.ActiveCfg = PS3 SNC Debug|Win32
		{74D1771F-F73F-4582-AE16-4558C54FE312}.Debug|Win32.Build.0 = PS3 SNC Debug|Win32
		{74D1771F-F73F-4582-AE16-4558C54FE312}.PS3 Debug|Win32.ActiveCfg = PS3 Debug|Win32
		{74D1771F-F73F-4582-AE16-4558C54FE312}.PS3 Debug|Win32.Build.0 = PS3 Debug|Win32
		{74D1771F-F73F-4582-AE16-4558C54FE312}.PS3 Release|Win32.ActiveCfg = PS3 Release|Win32
		{74D1771F-F73F-4582-AE16-4558C54FE312}.PS3 Release|Win32.Build.0 = PS3 Release|Win32
		{74D1771F-F73F-4582-AE16-4558C54FE312}.PS3 SNC Debug|Win32.ActiveCfg = PS3 SNC Debug|Win32
		{74D1771F-F73F-4582-AE16-4558C54FE312}.PS3 SNC Debug|Win32.Build.0 = PS3 SNC Debug|Win32
		{74D1771F-F73F-4582-AE16-4558C54FE312}.PS3 SNC Release|Win32.ActiveCfg = PS3 SNC Release|Win32
		{74D1771F-F73F-4582-AE16-4558C54FE312}.PS3 SNC Release|Win32.Build.0 = PS3 SNC Release|Win32
		{74D1771F-F73F-4582-AE16-4558C54FE312}.Release|Win32.ActiveCfg = PS3 SNC Release|Win32
		{74D1771F-F73F-4582-AE16-4558C54FE312}.Release|Win32.Build.0 = PS3 SNC Release|Win32
		{C3DCACAE-0FAA-4314-B2DD-3D3FA72FCE0F}.Debug|Win32.ActiveCfg = PS3 SNC Debug|Win32
		{C3DCACAE-0FAA-4314-B2DD-3D3FA72FCE0F}.Debug|Win32.Build.0 = PS3 SNC Debug|Win32
		{C3DCACAE-0FAA-4314-B2DD-3D3FA72FCE0F}.PS3 Debug|Win32.ActiveCfg = PS3 Debug|Win32
		{C3DCACAE-0FAA-4314-B2DD-3D3FA72FCE0F}.PS3 Debug|Win32.Build.0 = PS3 Debug|Win32
		{C3DCACAE-0FAA-4314-B2DD-3D3FA72FCE0F}.PS3 Release|Win32.ActiveCfg = PS3 Release|Win32
		{C3DCACAE-0FAA-4314-B2DD-3D3FA72FCE0F}.PS3 Release|Win32.Build.0 = PS3 Release|Win32
		{C3DCACAE-0FAA-4314-B2DD-3D3FA72FCE0F}.PS3 SNC Debug|Win32.ActiveCfg = PS3 SNC Debug|Win32
		{C3DCACAE-0FAA-4314-B2DD-3D3FA72FCE0F}.PS3 SNC Debug|Win32.Build.0 = PS3 SNC Debug|Win32
		{C3DCACAE-0FAA-4314-B2DD-3D3FA72FCE0F}.PS3 SNC Release|Win32.ActiveCfg = PS3 SNC Release|Win32
		{C3DCACAE-0FAA-4314-B2DD-3D3FA72FCE0F}.PS3 SNC Release|Win32.Build.0 = PS3 SNC Release|Win32
		{C3DCACAE-0FAA-4314-B2DD-3D3FA72FCE0F}.Release|Win32.ActiveCfg = PS3 SNC Release|Win32
		{C3DCACAE-0FAA-4314-B2DD-3D3FA72FCE0F}.Release|Win32.Build.0 = PS3 SNC Release|Win32
		{FCC3A434-9E5D-4F9E-BA04-6BB629B47039}.Debug|Win32.ActiveCfg = PS3 SNC Debug|Win32
		{FCC3A434-9E5D-4F9E-BA04-6BB629B47039}.Debug|Win32.Build.0 = PS3 SNC Debug|Win32
		{FCC3A434-9E5D-4F9E-BA04-6BB629B47039}.PS3 Debug|Win32.ActiveCfg = PS3 Debug|Win32
		{FCC3A434-9E5D-4F9E-BA04-6BB629B47039}.PS3 Debug|Win32.Build.0 = PS3 Debug|Win32
		{FCC3A434-9E5D-4F9E-BA04-6BB629B47039}.PS3 Release|Win32.ActiveCfg = PS3 Release|Win32
		{FCC3A434-9E5D-4F9E-BA04-6BB629B47039}.PS3 Release|Win32.Build.0 = PS3 Release|Win32
		{FCC3A434-9E5D-4F9E-BA04-6BB629B47039}.PS3 SNC Debug|Win32.ActiveCfg = PS3 SNC Debug|Win32
		{FCC3A434-9E5D-4F9E-BA04-6BB629B47039}.PS3 SNC Debug|Win32.Build.0 = PS3 SNC Debug|Win32
		{FCC3A434-9E5D-4F9E-BA04-6BB629B47039}.PS3 SNC Release|Win32.ActiveCfg = PS3 SNC Release|Win32
		{FCC3A434-9E5D-4F9E-BA04-6BB629B47039}.PS3 SNC Release|Win32.Build.0 = PS3 SNC Release|Win32
		{FCC3A434-9E5D-4F9E-BA04-6BB629B47039}.Release|Win32.ActiveCfg = PS3 SNC Release|Win32
		{FCC3A434-9E5D-4F9E-BA04-6BB629B47039}.Release|Win32.Build.0 = PS3 SNC Release|Win32
		{7ED3E19E-1EEF-42D9-9FFB-3AC50D62312C}.Debug|Win32.ActiveCfg = PS3 SNC Debug|Win32
		{7ED3E19E-1EEF-42D9-9FFB-3AC50D62312C}.Debug|Win32.Build.0 = PS3 SNC Debug|Win32
		{7ED3E19E-1EEF-42D9-9FFB-3AC50D62312C}.PS3 Debug|Win32.ActiveCfg = PS3 Debug|Win32
		{7ED3E19E-1EEF-42D9-9FFB-3AC50D62312C}.PS3 Debug|Win32.Build.0 = PS3 Debug|Win32
		{7ED3E19E-1EEF-42D9-9FFB-3AC50D62312C}.PS3 Release|Win32.ActiveCfg = PS3 Release|Win32
		{7ED3E19E-1EEF-42D9-9FFB-3AC50D62312C}.PS3 Release|Win32.Build.0 = PS3 Release|Win32
		{7ED3E19E-1EEF-42D9-9FFB-3AC50D62312C}.PS3 SNC Debug|Win32.ActiveCfg = PS3 SNC Debug|Win32
		{7ED3E19E-1EEF-42D9-9FFB-3AC50D62312C}.PS3 SNC Debug|Win32.Build.0 = PS3 SNC Debug|Win32
		{7ED3E19E-1EEF-42D9-9FFB-3AC50D62312C}.PS3 SNC Release|Win32.ActiveCfg = PS3 SNC Release|Win32
		{7ED3E19E-1EEF-42D9-9FFB-3AC50D62312C}.PS3 SNC Release|Win32.Build.0 = PS3 SNC Release|Win32
		{7ED3E19E-1EEF-42D9-9FFB-3AC50D62312C}.Release|Win32.ActiveCfg = PS3 SNC Release|Win32
		{7ED3E19E-1EEF-42D9-9FFB-3AC50D62312C}.Release|Win32.Build.0 = PS3 SNC Release|Win32
	EndGlobalSection
	GlobalSection(SolutionProperties) = preSolution
		HideSolutionNode = FALSE
	EndGlobalSection
	GlobalSection(NestedProjects) = preSolution
		{CB6BBAEE-1E37-4B36-BB4F-D261ED116720} = {3A97505E-F8AF-4663-BC29-20B8A4D09A29}
		{74D1771F-F73F-4582-AE16-4558C54FE312} = {3A97505E-F8AF-4663-BC29-20B8A4D09A29}
		{C3DCACAE-0FAA-4314-B2DD-3D3FA72FCE0F} = {3A97505E-F8AF-4663-BC29-20B8A4D09A29}
		{FCC3A434-9E5D-4F9E-BA04-6BB629B47039} = {8ADAB8F4-A145-4357-A22B-1FEAFCD9FBA7}
		{7ED3E19E-1EEF-42D9-9FFB-3AC50D62312C} = {8ADAB8F4-A145-4357-A22B-1FEAFCD9FBA7}
	EndGlobalSection
EndGlobal
